# This file is automatically @generated by Cargo.
# It is not intended for manual editing.
version = 3

[[package]]
name = "compiler_builtins"
version = "0.1.82"
source = "registry+https://github.com/rust-lang/crates.io-index"
checksum = "18cd7635fea7bb481ea543b392789844c1ad581299da70184c7175ce3af76603"

[[package]]
name = "rustc-demangle"
version = "0.1.21"
dependencies = [
 "compiler_builtins",
 "rustc-std-workspace-core",
]

[[package]]
name = "rustc-demangle-capi"
version = "0.1.0"
dependencies = [
 "rustc-demangle",
]

[[package]]
name = "rustc-std-workspace-core"
version = "1.0.0"
source = "registry+https://github.com/rust-lang/crates.io-index"
checksum = "1956f5517128a2b6f23ab2dadf1a976f4f5b27962e7724c2bf3d45e539ec098c"
